// !$*UTF8*$!
{
	archiveVersion = 1;
	classes = {
	};
	objectVersion = 55;
	objects = {

/* Begin PBXBuildFile section */
		323F2814287FEB4A0084E80C /* AppDelegate.swift in Sources */ = {isa = PBXBuildFile; fileRef = 323F2813287FEB4A0084E80C /* AppDelegate.swift */; };
		323F2816287FEB4A0084E80C /* SceneDelegate.swift in Sources */ = {isa = PBXBuildFile; fileRef = 323F2815287FEB4A0084E80C /* SceneDelegate.swift */; };
		323F281B287FEB4A0084E80C /* Main.storyboard in Resources */ = {isa = PBXBuildFile; fileRef = 323F2819287FEB4A0084E80C /* Main.storyboard */; };
		323F281D287FEB4A0084E80C /* Assets.xcassets in Resources */ = {isa = PBXBuildFile; fileRef = 323F281C287FEB4A0084E80C /* Assets.xcassets */; };
		323F2820287FEB4A0084E80C /* LaunchScreen.storyboard in Resources */ = {isa = PBXBuildFile; fileRef = 323F281E287FEB4A0084E80C /* LaunchScreen.storyboard */; };
		323F282C287FED2A0084E80C /* MainTableViewController.swift in Sources */ = {isa = PBXBuildFile; fileRef = 323F282B287FED2A0084E80C /* MainTableViewController.swift */; };
		323F2854288003E90084E80C /* ModelServices.swift in Sources */ = {isa = PBXBuildFile; fileRef = 323F2853288003E90084E80C /* ModelServices.swift */; };
		323F2857288004470084E80C /* NetworkingService.swift in Sources */ = {isa = PBXBuildFile; fileRef = 323F2856288004470084E80C /* NetworkingService.swift */; };
		323F2868288070820084E80C /* SDWebImage in Frameworks */ = {isa = PBXBuildFile; productRef = 323F2867288070820084E80C /* SDWebImage */; };
		32CECC842880BA590008C28C /* ServiceCell.swift in Sources */ = {isa = PBXBuildFile; fileRef = 32CECC832880BA590008C28C /* ServiceCell.swift */; };
		32CECC872880BEE80008C28C /* ServiceCell.xib in Resources */ = {isa = PBXBuildFile; fileRef = 32CECC852880BA630008C28C /* ServiceCell.xib */; };
/* End PBXBuildFile section */

/* Begin PBXFileReference section */
		28A6EB182EB8A15CC14B8578 /* Pods-ServicesVK.debug.xcconfig */ = {isa = PBXFileReference; includeInIndex = 1; lastKnownFileType = text.xcconfig; name = "Pods-ServicesVK.debug.xcconfig"; path = "Target Support Files/Pods-ServicesVK/Pods-ServicesVK.debug.xcconfig"; sourceTree = "<group>"; };
		323F2810287FEB4A0084E80C /* ServicesVK.app */ = {isa = PBXFileReference; explicitFileType = wrapper.application; includeInIndex = 0; path = ServicesVK.app; sourceTree = BUILT_PRODUCTS_DIR; };
		323F2813287FEB4A0084E80C /* AppDelegate.swift */ = {isa = PBXFileReference; lastKnownFileType = sourcecode.swift; path = AppDelegate.swift; sourceTree = "<group>"; };
		323F2815287FEB4A0084E80C /* SceneDelegate.swift */ = {isa = PBXFileReference; lastKnownFileType = sourcecode.swift; path = SceneDelegate.swift; sourceTree = "<group>"; };
		323F281A287FEB4A0084E80C /* Base */ = {isa = PBXFileReference; lastKnownFileType = file.storyboard; name = Base; path = Base.lproj/Main.storyboard; sourceTree = "<group>"; };
		323F281C287FEB4A0084E80C /* Assets.xcassets */ = {isa = PBXFileReference; lastKnownFileType = folder.assetcatalog; path = Assets.xcassets; sourceTree = "<group>"; };
		323F281F287FEB4A0084E80C /* Base */ = {isa = PBXFileReference; lastKnownFileType = file.storyboard; name = Base; path = Base.lproj/LaunchScreen.storyboard; sourceTree = "<group>"; };
		323F2821287FEB4A0084E80C /* Info.plist */ = {isa = PBXFileReference; lastKnownFileType = text.plist.xml; path = Info.plist; sourceTree = "<group>"; };
		323F282B287FED2A0084E80C /* MainTableViewController.swift */ = {isa = PBXFileReference; lastKnownFileType = sourcecode.swift; path = MainTableViewController.swift; sourceTree = "<group>"; };
		323F2853288003E90084E80C /* ModelServices.swift */ = {isa = PBXFileReference; lastKnownFileType = sourcecode.swift; path = ModelServices.swift; sourceTree = "<group>"; };
		323F2856288004470084E80C /* NetworkingService.swift */ = {isa = PBXFileReference; lastKnownFileType = sourcecode.swift; path = NetworkingService.swift; sourceTree = "<group>"; };
		32CECC832880BA590008C28C /* ServiceCell.swift */ = {isa = PBXFileReference; lastKnownFileType = sourcecode.swift; path = ServiceCell.swift; sourceTree = "<group>"; };
		32CECC852880BA630008C28C /* ServiceCell.xib */ = {isa = PBXFileReference; lastKnownFileType = file.xib; path = ServiceCell.xib; sourceTree = "<group>"; };
		93D84BD866608AC008478826 /* Pods-ServicesVK.release.xcconfig */ = {isa = PBXFileReference; includeInIndex = 1; lastKnownFileType = text.xcconfig; name = "Pods-ServicesVK.release.xcconfig"; path = "Target Support Files/Pods-ServicesVK/Pods-ServicesVK.release.xcconfig"; sourceTree = "<group>"; };
		BE9FCECF449DE120E39A6988 /* Pods_ServicesVK.framework */ = {isa = PBXFileReference; explicitFileType = wrapper.framework; includeInIndex = 0; path = Pods_ServicesVK.framework; sourceTree = BUILT_PRODUCTS_DIR; };
/* End PBXFileReference section */

/* Begin PBXFrameworksBuildPhase section */
		323F280D287FEB4A0084E80C /* Frameworks */ = {
			isa = PBXFrameworksBuildPhase;
			buildActionMask = 2147483647;
			files = (
				323F2868288070820084E80C /* SDWebImage in Frameworks */,
			);
			runOnlyForDeploymentPostprocessing = 0;
		};
/* End PBXFrameworksBuildPhase section */

/* Begin PBXGroup section */
		1B6CD0B3D354CE8319AE3075 /* Pods */ = {
			isa = PBXGroup;
			children = (
				28A6EB182EB8A15CC14B8578 /* Pods-ServicesVK.debug.xcconfig */,
				93D84BD866608AC008478826 /* Pods-ServicesVK.release.xcconfig */,
			);
			path = Pods;
			sourceTree = "<group>";
		};
		323F2807287FEB4A0084E80C = {
			isa = PBXGroup;
			children = (
				323F2812287FEB4A0084E80C /* ServicesVK */,
				323F2811287FEB4A0084E80C /* Products */,
				1B6CD0B3D354CE8319AE3075 /* Pods */,
				84B3B317F301F7B1107C131B /* Frameworks */,
			);
			sourceTree = "<group>";
		};
		323F2811287FEB4A0084E80C /* Products */ = {
			isa = PBXGroup;
			children = (
				323F2810287FEB4A0084E80C /* ServicesVK.app */,
			);
			name = Products;
			sourceTree = "<group>";
		};
		323F2812287FEB4A0084E80C /* ServicesVK */ = {
			isa = PBXGroup;
			children = (
				323F2813287FEB4A0084E80C /* AppDelegate.swift */,
				323F2815287FEB4A0084E80C /* SceneDelegate.swift */,
				323F2856288004470084E80C /* NetworkingService.swift */,
				323F282B287FED2A0084E80C /* MainTableViewController.swift */,
				32CECC862880BB0A0008C28C /* Cell */,
				323F2855288003FB0084E80C /* Model */,
				323F2819287FEB4A0084E80C /* Main.storyboard */,
				323F281C287FEB4A0084E80C /* Assets.xcassets */,
				323F281E287FEB4A0084E80C /* LaunchScreen.storyboard */,
				323F2821287FEB4A0084E80C /* Info.plist */,
			);
			path = ServicesVK;
			sourceTree = "<group>";
		};
		323F2855288003FB0084E80C /* Model */ = {
			isa = PBXGroup;
			children = (
				323F2853288003E90084E80C /* ModelServices.swift */,
			);
			name = Model;
			sourceTree = "<group>";
		};
		32CECC862880BB0A0008C28C /* Cell */ = {
			isa = PBXGroup;
			children = (
				32CECC832880BA590008C28C /* ServiceCell.swift */,
				32CECC852880BA630008C28C /* ServiceCell.xib */,
			);
			name = Cell;
			path = ..;
			sourceTree = "<group>";
		};
		84B3B317F301F7B1107C131B /* Frameworks */ = {
			isa = PBXGroup;
			children = (
				BE9FCECF449DE120E39A6988 /* Pods_ServicesVK.framework */,
			);
			name = Frameworks;
			sourceTree = "<group>";
		};
/* End PBXGroup section */

/* Begin PBXNativeTarget section */
		323F280F287FEB4A0084E80C /* ServicesVK */ = {
			isa = PBXNativeTarget;
			buildConfigurationList = 323F2824287FEB4A0084E80C /* Build configuration list for PBXNativeTarget "ServicesVK" */;
			buildPhases = (
				48A07DF0483F62E0A2C98D19 /* [CP] Check Pods Manifest.lock */,
				323F280C287FEB4A0084E80C /* Sources */,
				323F280D287FEB4A0084E80C /* Frameworks */,
				323F280E287FEB4A0084E80C /* Resources */,
			);
			buildRules = (
			);
			dependencies = (
			);
			name = ServicesVK;
			packageProductDependencies = (
				323F2867288070820084E80C /* SDWebImage */,
			);
			productName = ServicesVK;
			productReference = 323F2810287FEB4A0084E80C /* ServicesVK.app */;
			productType = "com.apple.product-type.application";
		};
/* End PBXNativeTarget section */

/* Begin PBXProject section */
		323F2808287FEB4A0084E80C /* Project object */ = {
			isa = PBXProject;
			attributes = {
				BuildIndependentTargetsInParallel = 1;
				LastSwiftUpdateCheck = 1340;
				LastUpgradeCheck = 1340;
				TargetAttributes = {
					323F280F287FEB4A0084E80C = {
						CreatedOnToolsVersion = 13.4.1;
					};
				};
			};
			buildConfigurationList = 323F280B287FEB4A0084E80C /* Build configuration list for PBXProject "ServicesVK" */;
			compatibilityVersion = "Xcode 13.0";
			developmentRegion = en;
			hasScannedForEncodings = 0;
			knownRegions = (
				en,
				Base,
			);
			mainGroup = 323F2807287FEB4A0084E80C;
			packageReferences = (
				323F2866288070820084E80C /* XCRemoteSwiftPackageReference "SDWebImage" */,
			);
			productRefGroup = 323F2811287FEB4A0084E80C /* Products */;
			projectDirPath = "";
			projectRoot = "";
			targets = (
				323F280F287FEB4A0084E80C /* ServicesVK */,
			);
		};
/* End PBXProject section */

/* Begin PBXResourcesBuildPhase section */
		323F280E287FEB4A0084E80C /* Resources */ = {
			isa = PBXResourcesBuildPhase;
			buildActionMask = 2147483647;
			files = (
				323F2820287FEB4A0084E80C /* LaunchScreen.storyboard in Resources */,
				32CECC872880BEE80008C28C /* ServiceCell.xib in Resources */,
				323F281D287FEB4A0084E80C /* Assets.xcassets in Resources */,
				323F281B287FEB4A0084E80C /* Main.storyboard in Resources */,
			);
			runOnlyForDeploymentPostprocessing = 0;
		};
/* End PBXResourcesBuildPhase section */

/* Begin PBXShellScriptBuildPhase section */
		48A07DF0483F62E0A2C98D19 /* [CP] Check Pods Manifest.lock */ = {
			isa = PBXShellScriptBuildPhase;
			buildActionMask = 2147483647;
			files = (
			);
			inputFileListPaths = (
			);
			inputPaths = (
				"${PODS_PODFILE_DIR_PATH}/Podfile.lock",
				"${PODS_ROOT}/Manifest.lock",
			);
			name = "[CP] Check Pods Manifest.lock";
			outputFileListPaths = (
			);
			outputPaths = (
				"$(DERIVED_FILE_DIR)/Pods-ServicesVK-checkManifestLockResult.txt",
			);
			runOnlyForDeploymentPostprocessing = 0;
			shellPath = /bin/sh;
			shellScript = "diff \"${PODS_PODFILE_DIR_PATH}/Podfile.lock\" \"${PODS_ROOT}/Manifest.lock\" > /dev/null\nif [ $? != 0 ] ; then\n    # print error to STDERR\n    echo \"error: The sandbox is not in sync with the Podfile.lock. Run 'pod install' or update your CocoaPods installation.\" >&2\n    exit 1\nfi\n# This output is used by Xcode 'outputs' to avoid re-running this script phase.\necho \"SUCCESS\" > \"${SCRIPT_OUTPUT_FILE_0}\"\n";
			showEnvVarsInLog = 0;
		};
/* End PBXShellScriptBuildPhase section */

/* Begin PBXSourcesBuildPhase section */
		323F280C287FEB4A0084E80C /* Sources */ = {
			isa = PBXSourcesBuildPhase;
			buildActionMask = 2147483647;
			files = (
				323F2854288003E90084E80C /* ModelServices.swift in Sources */,
				323F282C287FED2A0084E80C /* MainTableViewController.swift in Sources */,
				32CECC842880BA590008C28C /* ServiceCell.swift in Sources */,
				323F2814287FEB4A0084E80C /* AppDelegate.swift in Sources */,
				323F2816287FEB4A0084E80C /* SceneDelegate.swift in Sources */,
				323F2857288004470084E80C /* NetworkingService.swift in Sources */,
			);
			runOnlyForDeploymentPostprocessing = 0;
		};
/* End PBXSourcesBuildPhase section */

/* Begin PBXVariantGroup section */
		323F2819287FEB4A0084E80C /* Main.storyboard */ = {
			isa = PBXVariantGroup;
			children = (
				323F281A287FEB4A0084E80C /* Base */,
			);
			name = Main.storyboard;
			sourceTree = "<group>";
		};
		323F281E287FEB4A0084E80C /* LaunchScreen.storyboard */ = {
			isa = PBXVariantGroup;
			children = (
				323F281F287FEB4A0084E80C /* Base */,
			);
			name = LaunchScreen.storyboard;
			sourceTree = "<group>";
		};
/* End PBXVariantGroup section */

/* Begin XCBuildConfiguration section */
		323F2822287FEB4A0084E80C /* Debug */ = {
			isa = XCBuildConfiguration;
			buildSettings = {
				ALWAYS_SEARCH_USER_PATHS = NO;
				CLANG_ANALYZER_NONNULL = YES;
				CLANG_ANALYZER_NUMBER_OBJECT_CONVERSION = YES_AGGRESSIVE;
				CLANG_CXX_LANGUAGE_STANDARD = "gnu++17";
				CLANG_ENABLE_MODULES = YES;
				CLANG_ENABLE_OBJC_ARC = YES;
				CLANG_ENABLE_OBJC_WEAK = YES;
				CLANG_WARN_BLOCK_CAPTURE_AUTORELEASING = YES;
				CLANG_WARN_BOOL_CONVERSION = YES;
				CLANG_WARN_COMMA = YES;
				CLANG_WARN_CONSTANT_CONVERSION = YES;
				CLANG_WARN_DEPRECATED_OBJC_IMPLEMENTATIONS = YES;
				CLANG_WARN_DIRECT_OBJC_ISA_USAGE = YES_ERROR;
				CLANG_WARN_DOCUMENTATION_COMMENTS = YES;
				CLANG_WARN_EMPTY_BODY = YES;
				CLANG_WARN_ENUM_CONVERSION = YES;
				CLANG_WARN_INFINITE_RECURSION = YES;
				CLANG_WARN_INT_CONVERSION = YES;
				CLANG_WARN_NON_LITERAL_NULL_CONVERSION = YES;
				CLANG_WARN_OBJC_IMPLICIT_RETAIN_SELF = YES;
				CLANG_WARN_OBJC_LITERAL_CONVERSION = YES;
				CLANG_WARN_OBJC_ROOT_CLASS = YES_ERROR;
				CLANG_WARN_QUOTED_INCLUDE_IN_FRAMEWORK_HEADER = YES;
				CLANG_WARN_RANGE_LOOP_ANALYSIS = YES;
				CLANG_WARN_STRICT_PROTOTYPES = YES;
				CLANG_WARN_SUSPICIOUS_MOVE = YES;
				CLANG_WARN_UNGUARDED_AVAILABILITY = YES_AGGRESSIVE;
				CLANG_WARN_UNREACHABLE_CODE = YES;
				CLANG_WARN__DUPLICATE_METHOD_MATCH = YES;
				COPY_PHASE_STRIP = NO;
				DEBUG_INFORMATION_FORMAT = dwarf;
				ENABLE_STRICT_OBJC_MSGSEND = YES;
				ENABLE_TESTABILITY = YES;
				GCC_C_LANGUAGE_STANDARD = gnu11;
				GCC_DYNAMIC_NO_PIC = NO;
				GCC_NO_COMMON_BLOCKS = YES;
				GCC_OPTIMIZATION_LEVEL = 0;
				GCC_PREPROCESSOR_DEFINITIONS = (
					"DEBUG=1",
					"$(inherited)",
				);
				GCC_WARN_64_TO_32_BIT_CONVERSION = YES;
				GCC_WARN_ABOUT_RETURN_TYPE = YES_ERROR;
				GCC_WARN_UNDECLARED_SELECTOR = YES;
				GCC_WARN_UNINITIALIZED_AUTOS = YES_AGGRESSIVE;
				GCC_WARN_UNUSED_FUNCTION = YES;
				GCC_WARN_UNUSED_VARIABLE = YES;
				IPHONEOS_DEPLOYMENT_TARGET = 15.5;
				MTL_ENABLE_DEBUG_INFO = INCLUDE_SOURCE;
				MTL_FAST_MATH = YES;
				ONLY_ACTIVE_ARCH = YES;
				SDKROOT = iphoneos;
				SWIFT_ACTIVE_COMPILATION_CONDITIONS = DEBUG;
				SWIFT_OPTIMIZATION_LEVEL = "-Onone";
			};
			name = Debug;
		};
		323F2823287FEB4A0084E80C /* Release */ = {
			isa = XCBuildConfiguration;
			buildSettings = {
				ALWAYS_SEARCH_USER_PATHS = NO;
				CLANG_ANALYZER_NONNULL = YES;
				CLANG_ANALYZER_NUMBER_OBJECT_CONVERSION = YES_AGGRESSIVE;
				CLANG_CXX_LANGUAGE_STANDARD = "gnu++17";
				CLANG_ENABLE_MODULES = YES;
				CLANG_ENABLE_OBJC_ARC = YES;
				CLANG_ENABLE_OBJC_WEAK = YES;
				CLANG_WARN_BLOCK_CAPTURE_AUTORELEASING = YES;
				CLANG_WARN_BOOL_CONVERSION = YES;
				CLANG_WARN_COMMA = YES;
				CLANG_WARN_CONSTANT_CONVERSION = YES;
				CLANG_WARN_DEPRECATED_OBJC_IMPLEMENTATIONS = YES;
				CLANG_WARN_DIRECT_OBJC_ISA_USAGE = YES_ERROR;
				CLANG_WARN_DOCUMENTATION_COMMENTS = YES;
				CLANG_WARN_EMPTY_BODY = YES;
				CLANG_WARN_ENUM_CONVERSION = YES;
				CLANG_WARN_INFINITE_RECURSION = YES;
				CLANG_WARN_INT_CONVERSION = YES;
				CLANG_WARN_NON_LITERAL_NULL_CONVERSION = YES;
				CLANG_WARN_OBJC_IMPLICIT_RETAIN_SELF = YES;
				CLANG_WARN_OBJC_LITERAL_CONVERSION = YES;
				CLANG_WARN_OBJC_ROOT_CLASS = YES_ERROR;
				CLANG_WARN_QUOTED_INCLUDE_IN_FRAMEWORK_HEADER = YES;
				CLANG_WARN_RANGE_LOOP_ANALYSIS = YES;
				CLANG_WARN_STRICT_PROTOTYPES = YES;
				CLANG_WARN_SUSPICIOUS_MOVE = YES;
				CLANG_WARN_UNGUARDED_AVAILABILITY = YES_AGGRESSIVE;
				CLANG_WARN_UNREACHABLE_CODE = YES;
				CLANG_WARN__DUPLICATE_METHOD_MATCH = YES;
				COPY_PHASE_STRIP = NO;
				DEBUG_INFORMATION_FORMAT = "dwarf-with-dsym";
				ENABLE_NS_ASSERTIONS = NO;
				ENABLE_STRICT_OBJC_MSGSEND = YES;
				GCC_C_LANGUAGE_STANDARD = gnu11;
				GCC_NO_COMMON_BLOCKS = YES;
				GCC_WARN_64_TO_32_BIT_CONVERSION = YES;
				GCC_WARN_ABOUT_RETURN_TYPE = YES_ERROR;
				GCC_WARN_UNDECLARED_SELECTOR = YES;
				GCC_WARN_UNINITIALIZED_AUTOS = YES_AGGRESSIVE;
				GCC_WARN_UNUSED_FUNCTION = YES;
				GCC_WARN_UNUSED_VARIABLE = YES;
				IPHONEOS_DEPLOYMENT_TARGET = 15.5;
				MTL_ENABLE_DEBUG_INFO = NO;
				MTL_FAST_MATH = YES;
				SDKROOT = iphoneos;
				SWIFT_COMPILATION_MODE = wholemodule;
				SWIFT_OPTIMIZATION_LEVEL = "-O";
				VALIDATE_PRODUCT = YES;
			};
			name = Release;
		};
		323F2825287FEB4A0084E80C /* Debug */ = {
			isa = XCBuildConfiguration;
			baseConfigurationReference = 28A6EB182EB8A15CC14B8578 /* Pods-ServicesVK.debug.xcconfig */;
			buildSettings = {
				ASSETCATALOG_COMPILER_APPICON_NAME = AppIcon;
				ASSETCATALOG_COMPILER_GLOBAL_ACCENT_COLOR_NAME = AccentColor;
				CODE_SIGN_STYLE = Automatic;
				CURRENT_PROJECT_VERSION = 1;
				DEVELOPMENT_TEAM = 2X8M5L8W2W;
				GENERATE_INFOPLIST_FILE = YES;
				INFOPLIST_FILE = ServicesVK/Info.plist;
				INFOPLIST_KEY_UIApplicationSupportsIndirectInputEvents = YES;
				INFOPLIST_KEY_UILaunchStoryboardName = LaunchScreen;
				INFOPLIST_KEY_UIMainStoryboardFile = Main;
				INFOPLIST_KEY_UISupportedInterfaceOrientations_iPad = "UIInterfaceOrientationPortrait UIInterfaceOrientationPortraitUpsideDown UIInterfaceOrientationLandscapeLeft UIInterfaceOrientationLandscapeRight";
				INFOPLIST_KEY_UISupportedInterfaceOrientations_iPhone = "UIInterfaceOrientationPortrait UIInterfaceOrientationLandscapeLeft UIInterfaceOrientationLandscapeRight";
				IPHONEOS_DEPLOYMENT_TARGET = 13.0;
				LD_RUNPATH_SEARCH_PATHS = (
					"$(inherited)",
					"@executable_path/Frameworks",
				);
				MARKETING_VERSION = 1.0;
				PRODUCT_BUNDLE_IDENTIFIER = SerovDev.ServicesVK;
				PRODUCT_NAME = "$(TARGET_NAME)";
				SWIFT_EMIT_LOC_STRINGS = YES;
				SWIFT_VERSION = 5.0;
				TARGETED_DEVICE_FAMILY = 1;
			};
			name = Debug;
		};
		323F2826287FEB4A0084E80C /* Release */ = {
			isa = XCBuildConfiguration;
			baseConfigurationReference = 93D84BD866608AC008478826 /* Pods-ServicesVK.release.xcconfig */;
			buildSettings = {
				ASSETCATALOG_COMPILER_APPICON_NAME = AppIcon;
				ASSETCATALOG_COMPILER_GLOBAL_ACCENT_COLOR_NAME = AccentColor;
				CODE_SIGN_STYLE = Automatic;
				CURRENT_PROJECT_VERSION = 1;
				DEVELOPMENT_TEAM = 2X8M5L8W2W;
				GENERATE_INFOPLIST_FILE = YES;
				INFOPLIST_FILE = ServicesVK/Info.plist;
				INFOPLIST_KEY_UIApplicationSupportsIndirectInputEvents = YES;
				INFOPLIST_KEY_UILaunchStoryboardName = LaunchScreen;
				INFOPLIST_KEY_UIMainStoryboardFile = Main;
				INFOPLIST_KEY_UISupportedInterfaceOrientations_iPad = "UIInterfaceOrientationPortrait UIInterfaceOrientationPortraitUpsideDown UIInterfaceOrientationLandscapeLeft UIInterfaceOrientationLandscapeRight";
				INFOPLIST_KEY_UISupportedInterfaceOrientations_iPhone = "UIInterfaceOrientationPortrait UIInterfaceOrientationLandscapeLeft UIInterfaceOrientationLandscapeRight";
				IPHONEOS_DEPLOYMENT_TARGET = 13.0;
				LD_RUNPATH_SEARCH_PATHS = (
					"$(inherited)",
					"@executable_path/Frameworks",
				);
				MARKETING_VERSION = 1.0;
				PRODUCT_BUNDLE_IDENTIFIER = SerovDev.ServicesVK;
				PRODUCT_NAME = "$(TARGET_NAME)";
				SWIFT_EMIT_LOC_STRINGS = YES;
				SWIFT_VERSION = 5.0;
				TARGETED_DEVICE_FAMILY = 1;
			};
			name = Release;
		};
/* End XCBuildConfiguration section */

/* Begin XCConfigurationList section */
		323F280B287FEB4A0084E80C /* Build configuration list for PBXProject "ServicesVK" */ = {
			isa = XCConfigurationList;
			buildConfigurations = (
				323F2822287FEB4A0084E80C /* Debug */,
				323F2823287FEB4A0084E80C /* Release */,
			);
			defaultConfigurationIsVisible = 0;
			defaultConfigurationName = Release;
		};
		323F2824287FEB4A0084E80C /* Build configuration list for PBXNativeTarget "ServicesVK" */ = {
			isa = XCConfigurationList;
			buildConfigurations = (
				323F2825287FEB4A0084E80C /* Debug */,
				323F2826287FEB4A0084E80C /* Release */,
			);
			defaultConfigurationIsVisible = 0;
			defaultConfigurationName = Release;
		};
/* End XCConfigurationList section */

/* Begin XCRemoteSwiftPackageReference section */
		323F2866288070820084E80C /* XCRemoteSwiftPackageReference "SDWebImage" */ = {
			isa = XCRemoteSwiftPackageReference;
			repositoryURL = "https://github.com/SDWebImage/SDWebImage";
			requirement = {
				kind = upToNextMajorVersion;
				minimumVersion = 5.0.0;
			};
		};
/* End XCRemoteSwiftPackageReference section */

/* Begin XCSwiftPackageProductDependency section */
		323F2867288070820084E80C /* SDWebImage */ = {
			isa = XCSwiftPackageProductDependency;
			package = 323F2866288070820084E80C /* XCRemoteSwiftPackageReference "SDWebImage" */;
			productName = SDWebImage;
		};
/* End XCSwiftPackageProductDependency section */
	};
	rootObject = 323F2808287FEB4A0084E80C /* Project object */;
}
